
Microsoft Visual Studio Solution File, Format Version 12.00
# Visual Studio Version 17
VisualStudioVersion = 17.2.32630.192
MinimumVisualStudioVersion = 10.0.40219.1
Project("{FAE04EC0-301F-11D3-BF4B-00C04F79EFBC}") = "Quiz-1-solution-Shortest", "Quiz-1-solution-Shortest\Quiz-1-solution-Shortest.csproj", "{7BB371E7-9D3B-417A-988F-A0AE6707E737}"
EndProject
Project("{FAE04EC0-301F-11D3-BF4B-00C04F79EFBC}") = "Quiz-1-solution-Without_Builtin_Methods", "Quiz-1-solution-Without_Builtin_Methods\Quiz-1-solution-Without_Builtin_Methods.csproj", "{40123375-1501-4993-8E30-6ED2F3FDFA5A}"
EndProject
Project("{FAE04EC0-301F-11D3-BF4B-00C04F79EFBC}") = "Quiz-2-solution", "Quiz-2-solution\Quiz-2-solution.csproj", "{21B54071-E8DD-4A90-AAE3-F75D95047608}"
EndProject
Global
	GlobalSection(SolutionConfigurationPlatforms) = preSolution
		Debug|Any CPU = Debug|Any CPU
		Release|Any CPU = Release|Any CPU
	EndGlobalSection
	GlobalSection(ProjectConfigurationPlatforms) = postSolution
		{7BB371E7-9D3B-417A-988F-A0AE6707E737}.Debug|Any CPU.ActiveCfg = Debug|Any CPU
		{7BB371E7-9D3B-417A-988F-A0AE6707E737}.Debug|Any CPU.Build.0 = Debug|Any CPU
		{7BB371E7-9D3B-417A-988F-A0AE6707E737}.Release|Any CPU.ActiveCfg = Release|Any CPU
		{7BB371E7-9D3B-417A-988F-A0AE6707E737}.Release|Any CPU.Build.0 = Release|Any CPU
		{40123375-1501-4993-8E30-6ED2F3FDFA5A}.Debug|Any CPU.ActiveCfg = Debug|Any CPU
		{40123375-1501-4993-8E30-6ED2F3FDFA5A}.Debug|Any CPU.Build.0 = Debug|Any CPU
		{40123375-1501-4993-8E30-6ED2F3FDFA5A}.Release|Any CPU.ActiveCfg = Release|Any CPU
		{40123375-1501-4993-8E30-6ED2F3FDFA5A}.Release|Any CPU.Build.0 = Release|Any CPU
		{21B54071-E8DD-4A90-AAE3-F75D95047608}.Debug|Any CPU.ActiveCfg = Debug|Any CPU
		{21B54071-E8DD-4A90-AAE3-F75D95047608}.Debug|Any CPU.Build.0 = Debug|Any CPU
		{21B54071-E8DD-4A90-AAE3-F75D95047608}.Release|Any CPU.ActiveCfg = Release|Any CPU
		{21B54071-E8DD-4A90-AAE3-F75D95047608}.Release|Any CPU.Build.0 = Release|Any CPU
	EndGlobalSection
	GlobalSection(SolutionProperties) = preSolution
		HideSolutionNode = FALSE
	EndGlobalSection
	GlobalSection(ExtensibilityGlobals) = postSolution
		SolutionGuid = {64C087B6-0FE8-49BB-9086-DE393CE75AFC}
	EndGlobalSection
EndGlobal
